
Microsoft Visual Studio Solution File, Format Version 12.00
# Visual Studio Version 16
VisualStudioVersion = 16.0.30114.105
MinimumVisualStudioVersion = 10.0.40219.1
Project("{FAE04EC0-301F-11D3-BF4B-00C04F79EFBC}") = "R5T.Mullingar.Standard", "R5T.Mullingar.Standard\R5T.Mullingar.Standard.csproj", "{F96E3919-71A3-4764-9CF1-C4F1B4458D48}"
EndProject
Project("{FAE04EC0-301F-11D3-BF4B-00C04F79EFBC}") = "R5T.Mullingar.Standard.Construction", "R5T.Mullingar.Standard.Construction\R5T.Mullingar.Standard.Construction.csproj", "{CF85086D-295F-4378-B36C-B66577F50641}"
EndProject
Project("{FAE04EC0-301F-11D3-BF4B-00C04F79EFBC}") = "R5T.Mullingar.Standard.Testing", "R5T.Mullingar.Standard.Testing\R5T.Mullingar.Standard.Testing.csproj", "{92EF4D9D-0B48-48BB-A120-115B81D515B1}"
EndProject
Global
	GlobalSection(SolutionConfigurationPlatforms) = preSolution
		Debug|Any CPU = Debug|Any CPU
		Debug|x64 = Debug|x64
		Debug|x86 = Debug|x86
		Release|Any CPU = Release|Any CPU
		Release|x64 = Release|x64
		Release|x86 = Release|x86
	EndGlobalSection
	GlobalSection(SolutionProperties) = preSolution
		HideSolutionNode = FALSE
	EndGlobalSection
	GlobalSection(ProjectConfigurationPlatforms) = postSolution
		{F96E3919-71A3-4764-9CF1-C4F1B4458D48}.Debug|Any CPU.ActiveCfg = Debug|Any CPU
		{F96E3919-71A3-4764-9CF1-C4F1B4458D48}.Debug|Any CPU.Build.0 = Debug|Any CPU
		{F96E3919-71A3-4764-9CF1-C4F1B4458D48}.Debug|x64.ActiveCfg = Debug|Any CPU
		{F96E3919-71A3-4764-9CF1-C4F1B4458D48}.Debug|x64.Build.0 = Debug|Any CPU
		{F96E3919-71A3-4764-9CF1-C4F1B4458D48}.Debug|x86.ActiveCfg = Debug|Any CPU
		{F96E3919-71A3-4764-9CF1-C4F1B4458D48}.Debug|x86.Build.0 = Debug|Any CPU
		{F96E3919-71A3-4764-9CF1-C4F1B4458D48}.Release|Any CPU.ActiveCfg = Release|Any CPU
		{F96E3919-71A3-4764-9CF1-C4F1B4458D48}.Release|Any CPU.Build.0 = Release|Any CPU
		{F96E3919-71A3-4764-9CF1-C4F1B4458D48}.Release|x64.ActiveCfg = Release|Any CPU
		{F96E3919-71A3-4764-9CF1-C4F1B4458D48}.Release|x64.Build.0 = Release|Any CPU
		{F96E3919-71A3-4764-9CF1-C4F1B4458D48}.Release|x86.ActiveCfg = Release|Any CPU
		{F96E3919-71A3-4764-9CF1-C4F1B4458D48}.Release|x86.Build.0 = Release|Any CPU
		{CF85086D-295F-4378-B36C-B66577F50641}.Debug|Any CPU.ActiveCfg = Debug|Any CPU
		{CF85086D-295F-4378-B36C-B66577F50641}.Debug|Any CPU.Build.0 = Debug|Any CPU
		{CF85086D-295F-4378-B36C-B66577F50641}.Debug|x64.ActiveCfg = Debug|Any CPU
		{CF85086D-295F-4378-B36C-B66577F50641}.Debug|x64.Build.0 = Debug|Any CPU
		{CF85086D-295F-4378-B36C-B66577F50641}.Debug|x86.ActiveCfg = Debug|Any CPU
		{CF85086D-295F-4378-B36C-B66577F50641}.Debug|x86.Build.0 = Debug|Any CPU
		{CF85086D-295F-4378-B36C-B66577F50641}.Release|Any CPU.ActiveCfg = Release|Any CPU
		{CF85086D-295F-4378-B36C-B66577F50641}.Release|Any CPU.Build.0 = Release|Any CPU
		{CF85086D-295F-4378-B36C-B66577F50641}.Release|x64.ActiveCfg = Release|Any CPU
		{CF85086D-295F-4378-B36C-B66577F50641}.Release|x64.Build.0 = Release|Any CPU
		{CF85086D-295F-4378-B36C-B66577F50641}.Release|x86.ActiveCfg = Release|Any CPU
		{CF85086D-295F-4378-B36C-B66577F50641}.Release|x86.Build.0 = Release|Any CPU
		{92EF4D9D-0B48-48BB-A120-115B81D515B1}.Debug|Any CPU.ActiveCfg = Debug|Any CPU
		{92EF4D9D-0B48-48BB-A120-115B81D515B1}.Debug|Any CPU.Build.0 = Debug|Any CPU
		{92EF4D9D-0B48-48BB-A120-115B81D515B1}.Debug|x64.ActiveCfg = Debug|Any CPU
		{92EF4D9D-0B48-48BB-A120-115B81D515B1}.Debug|x64.Build.0 = Debug|Any CPU
		{92EF4D9D-0B48-48BB-A120-115B81D515B1}.Debug|x86.ActiveCfg = Debug|Any CPU
		{92EF4D9D-0B48-48BB-A120-115B81D515B1}.Debug|x86.Build.0 = Debug|Any CPU
		{92EF4D9D-0B48-48BB-A120-115B81D515B1}.Release|Any CPU.ActiveCfg = Release|Any CPU
		{92EF4D9D-0B48-48BB-A120-115B81D515B1}.Release|Any CPU.Build.0 = Release|Any CPU
		{92EF4D9D-0B48-48BB-A120-115B81D515B1}.Release|x64.ActiveCfg = Release|Any CPU
		{92EF4D9D-0B48-48BB-A120-115B81D515B1}.Release|x64.Build.0 = Release|Any CPU
		{92EF4D9D-0B48-48BB-A120-115B81D515B1}.Release|x86.ActiveCfg = Release|Any CPU
		{92EF4D9D-0B48-48BB-A120-115B81D515B1}.Release|x86.Build.0 = Release|Any CPU
	EndGlobalSection
EndGlobal
